
Microsoft Visual Studio Solution File, Format Version 12.00
# Visual Studio Version 16
VisualStudioVersion = 16.0.29609.76
MinimumVisualStudioVersion = 10.0.40219.1
Project("{8BC9CEB8-8B4A-11D0-8D11-00A0C91BC942}") = "Lab13_oop", "Lab13_oop\Lab13_oop.vcxproj", "{F02FDB76-EE36-47EE-AC50-132FE505002A}"
EndProject
Global
	GlobalSection(SolutionConfigurationPlatforms) = preSolution
		Debug|x64 = Debug|x64
		Release|x64 = Release|x64
	EndGlobalSection
	GlobalSection(ProjectConfigurationPlatforms) = postSolution
		{F02FDB76-EE36-47EE-AC50-132FE505002A}.Debug|x64.ActiveCfg = Debug|x64
		{F02FDB76-EE36-47EE-AC50-132FE505002A}.Debug|x64.Build.0 = Debug|x64
		{F02FDB76-EE36-47EE-AC50-132FE505002A}.Release|x64.ActiveCfg = Release|x64
		{F02FDB76-EE36-47EE-AC50-132FE505002A}.Release|x64.Build.0 = Release|x64
	EndGlobalSection
	GlobalSection(SolutionProperties) = preSolution
		HideSolutionNode = FALSE
	EndGlobalSection
	GlobalSection(ExtensibilityGlobals) = postSolution
		SolutionGuid = {2CECB078-B4F9-4092-A2AA-ACA863F443E1}
	EndGlobalSection
EndGlobal
